// !$*UTF8*$!
{
	archiveVersion = 1;
	classes = {
	};
	objectVersion = 46;
	objects = {

/* Begin PBXBuildFile section */
		095DF5896DC8A233F70D871A /* Pods_Remapper.framework in Frameworks */ = {isa = PBXBuildFile; fileRef = BE4D9F97EFCD07530BE4B759 /* Pods_Remapper.framework */; };
		CD701EF31E76273A0044B226 /* AppDelegate.swift in Sources */ = {isa = PBXBuildFile; fileRef = CD701EF21E76273A0044B226 /* AppDelegate.swift */; };
		CD701EF51E76273A0044B226 /* ViewController.swift in Sources */ = {isa = PBXBuildFile; fileRef = CD701EF41E76273A0044B226 /* ViewController.swift */; };
		CD701EF81E76273A0044B226 /* Main.storyboard in Resources */ = {isa = PBXBuildFile; fileRef = CD701EF61E76273A0044B226 /* Main.storyboard */; };
		CD701EFA1E76273A0044B226 /* Assets.xcassets in Resources */ = {isa = PBXBuildFile; fileRef = CD701EF91E76273A0044B226 /* Assets.xcassets */; };
		CD701EFD1E76273A0044B226 /* LaunchScreen.storyboard in Resources */ = {isa = PBXBuildFile; fileRef = CD701EFB1E76273A0044B226 /* LaunchScreen.storyboard */; };
/* End PBXBuildFile section */

/* Begin PBXFileReference section */
		2991D10E7C45403944A7D983 /* Pods-Remapper.debug.xcconfig */ = {isa = PBXFileReference; includeInIndex = 1; lastKnownFileType = text.xcconfig; name = "Pods-Remapper.debug.xcconfig"; path = "Pods/Target Support Files/Pods-Remapper/Pods-Remapper.debug.xcconfig"; sourceTree = "<group>"; };
		BE4D9F97EFCD07530BE4B759 /* Pods_Remapper.framework */ = {isa = PBXFileReference; explicitFileType = wrapper.framework; includeInIndex = 0; path = Pods_Remapper.framework; sourceTree = BUILT_PRODUCTS_DIR; };
		CD701EEF1E7627390044B226 /* Remapper.app */ = {isa = PBXFileReference; explicitFileType = wrapper.application; includeInIndex = 0; path = Remapper.app; sourceTree = BUILT_PRODUCTS_DIR; };
		CD701EF21E76273A0044B226 /* AppDelegate.swift */ = {isa = PBXFileReference; lastKnownFileType = sourcecode.swift; path = AppDelegate.swift; sourceTree = "<group>"; };
		CD701EF41E76273A0044B226 /* ViewController.swift */ = {isa = PBXFileReference; lastKnownFileType = sourcecode.swift; path = ViewController.swift; sourceTree = "<group>"; };
		CD701EF71E76273A0044B226 /* Base */ = {isa = PBXFileReference; lastKnownFileType = file.storyboard; name = Base; path = Base.lproj/Main.storyboard; sourceTree = "<group>"; };
		CD701EF91E76273A0044B226 /* Assets.xcassets */ = {isa = PBXFileReference; lastKnownFileType = folder.assetcatalog; path = Assets.xcassets; sourceTree = "<group>"; };
		CD701EFC1E76273A0044B226 /* Base */ = {isa = PBXFileReference; lastKnownFileType = file.storyboard; name = Base; path = Base.lproj/LaunchScreen.storyboard; sourceTree = "<group>"; };
		CD701EFE1E76273A0044B226 /* Info.plist */ = {isa = PBXFileReference; lastKnownFileType = text.plist.xml; path = Info.plist; sourceTree = "<group>"; };
		FEBA0C99E7AF50A4D6261281 /* Pods-Remapper.release.xcconfig */ = {isa = PBXFileReference; includeInIndex = 1; lastKnownFileType = text.xcconfig; name = "Pods-Remapper.release.xcconfig"; path = "Pods/Target Support Files/Pods-Remapper/Pods-Remapper.release.xcconfig"; sourceTree = "<group>"; };
/* End PBXFileReference section */

/* Begin PBXFrameworksBuildPhase section */
		CD701EEC1E7627390044B226 /* Frameworks */ = {
			isa = PBXFrameworksBuildPhase;
			buildActionMask = 2147483647;
			files = (
				095DF5896DC8A233F70D871A /* Pods_Remapper.framework in Frameworks */,
			);
			runOnlyForDeploymentPostprocessing = 0;
		};
/* End PBXFrameworksBuildPhase section */

/* Begin PBXGroup section */
		46309B55E64FE196ECD2F9F7 /* Pods */ = {
			isa = PBXGroup;
			children = (
				2991D10E7C45403944A7D983 /* Pods-Remapper.debug.xcconfig */,
				FEBA0C99E7AF50A4D6261281 /* Pods-Remapper.release.xcconfig */,
			);
			name = Pods;
			sourceTree = "<group>";
		};
		CD701EE61E7627390044B226 = {
			isa = PBXGroup;
			children = (
				CD701EF11E7627390044B226 /* Remapper */,
				CD701EF01E7627390044B226 /* Products */,
				46309B55E64FE196ECD2F9F7 /* Pods */,
				E1E5EC78EFD7576215B8328D /* Frameworks */,
			);
			sourceTree = "<group>";
		};
		CD701EF01E7627390044B226 /* Products */ = {
			isa = PBXGroup;
			children = (
				CD701EEF1E7627390044B226 /* Remapper.app */,
			);
			name = Products;
			sourceTree = "<group>";
		};
		CD701EF11E7627390044B226 /* Remapper */ = {
			isa = PBXGroup;
			children = (
				CD701EF21E76273A0044B226 /* AppDelegate.swift */,
				CD701EF41E76273A0044B226 /* ViewController.swift */,
				CD701EF61E76273A0044B226 /* Main.storyboard */,
				CD701EF91E76273A0044B226 /* Assets.xcassets */,
				CD701EFB1E76273A0044B226 /* LaunchScreen.storyboard */,
				CD701EFE1E76273A0044B226 /* Info.plist */,
			);
			path = Remapper;
			sourceTree = "<group>";
		};
		E1E5EC78EFD7576215B8328D /* Frameworks */ = {
			isa = PBXGroup;
			children = (
				BE4D9F97EFCD07530BE4B759 /* Pods_Remapper.framework */,
			);
			name = Frameworks;
			sourceTree = "<group>";
		};
/* End PBXGroup section */

/* Begin PBXNativeTarget section */
		CD701EEE1E7627390044B226 /* Remapper */ = {
			isa = PBXNativeTarget;
			buildConfigurationList = CD701F011E76273A0044B226 /* Build configuration list for PBXNativeTarget "Remapper" */;
			buildPhases = (
				0DD7262BDFD1391F79D46050 /* [CP] Check Pods Manifest.lock */,
				CD701EEB1E7627390044B226 /* Sources */,
				CD701EEC1E7627390044B226 /* Frameworks */,
				CD701EED1E7627390044B226 /* Resources */,
				E60BED19CA928B22A1CA3672 /* [CP] Embed Pods Frameworks */,
				0082F23F9F2CF0AAD262B23D /* [CP] Copy Pods Resources */,
			);
			buildRules = (
			);
			dependencies = (
			);
			name = Remapper;
			productName = Remapper;
			productReference = CD701EEF1E7627390044B226 /* Remapper.app */;
			productType = "com.apple.product-type.application";
		};
/* End PBXNativeTarget section */

/* Begin PBXProject section */
		CD701EE71E7627390044B226 /* Project object */ = {
			isa = PBXProject;
			attributes = {
				LastSwiftUpdateCheck = 0820;
				LastUpgradeCheck = 0820;
				ORGANIZATIONNAME = Raizlabs;
				TargetAttributes = {
					CD701EEE1E7627390044B226 = {
						CreatedOnToolsVersion = 8.2.1;
						DevelopmentTeam = 2KJHM26Y46;
						ProvisioningStyle = Automatic;
					};
				};
			};
			buildConfigurationList = CD701EEA1E7627390044B226 /* Build configuration list for PBXProject "Remapper" */;
			compatibilityVersion = "Xcode 3.2";
			developmentRegion = English;
			hasScannedForEncodings = 0;
			knownRegions = (
				en,
				Base,
			);
			mainGroup = CD701EE61E7627390044B226;
			productRefGroup = CD701EF01E7627390044B226 /* Products */;
			projectDirPath = "";
			projectRoot = "";
			targets = (
				CD701EEE1E7627390044B226 /* Remapper */,
			);
		};
/* End PBXProject section */

/* Begin PBXResourcesBuildPhase section */
		CD701EED1E7627390044B226 /* Resources */ = {
			isa = PBXResourcesBuildPhase;
			buildActionMask = 2147483647;
			files = (
				CD701EFD1E76273A0044B226 /* LaunchScreen.storyboard in Resources */,
				CD701EFA1E76273A0044B226 /* Assets.xcassets in Resources */,
				CD701EF81E76273A0044B226 /* Main.storyboard in Resources */,
			);
			runOnlyForDeploymentPostprocessing = 0;
		};
/* End PBXResourcesBuildPhase section */

/* Begin PBXShellScriptBuildPhase section */
		0082F23F9F2CF0AAD262B23D /* [CP] Copy Pods Resources */ = {
			isa = PBXShellScriptBuildPhase;
			buildActionMask = 2147483647;
			files = (
			);
			inputPaths = (
			);
			name = "[CP] Copy Pods Resources";
			outputPaths = (
			);
			runOnlyForDeploymentPostprocessing = 0;
			shellPath = /bin/sh;
			shellScript = "\"${SRCROOT}/Pods/Target Support Files/Pods-Remapper/Pods-Remapper-resources.sh\"\n";
			showEnvVarsInLog = 0;
		};
		0DD7262BDFD1391F79D46050 /* [CP] Check Pods Manifest.lock */ = {
			isa = PBXShellScriptBuildPhase;
			buildActionMask = 2147483647;
			files = (
			);
			inputPaths = (
			);
			name = "[CP] Check Pods Manifest.lock";
			outputPaths = (
			);
			runOnlyForDeploymentPostprocessing = 0;
			shellPath = /bin/sh;
			shellScript = "diff \"${PODS_ROOT}/../Podfile.lock\" \"${PODS_ROOT}/Manifest.lock\" > /dev/null\nif [ $? != 0 ] ; then\n    # print error to STDERR\n    echo \"error: The sandbox is not in sync with the Podfile.lock. Run 'pod install' or update your CocoaPods installation.\" >&2\n    exit 1\nfi\n";
			showEnvVarsInLog = 0;
		};
		E60BED19CA928B22A1CA3672 /* [CP] Embed Pods Frameworks */ = {
			isa = PBXShellScriptBuildPhase;
			buildActionMask = 2147483647;
			files = (
			);
			inputPaths = (
			);
			name = "[CP] Embed Pods Frameworks";
			outputPaths = (
			);
			runOnlyForDeploymentPostprocessing = 0;
			shellPath = /bin/sh;
			shellScript = "\"${SRCROOT}/Pods/Target Support Files/Pods-Remapper/Pods-Remapper-frameworks.sh\"\n";
			showEnvVarsInLog = 0;
		};
/* End PBXShellScriptBuildPhase section */

/* Begin PBXSourcesBuildPhase section */
		CD701EEB1E7627390044B226 /* Sources */ = {
			isa = PBXSourcesBuildPhase;
			buildActionMask = 2147483647;
			files = (
				CD701EF51E76273A0044B226 /* ViewController.swift in Sources */,
				CD701EF31E76273A0044B226 /* AppDelegate.swift in Sources */,
			);
			runOnlyForDeploymentPostprocessing = 0;
		};
/* End PBXSourcesBuildPhase section */

/* Begin PBXVariantGroup section */
		CD701EF61E76273A0044B226 /* Main.storyboard */ = {
			isa = PBXVariantGroup;
			children = (
				CD701EF71E76273A0044B226 /* Base */,
			);
			name = Main.storyboard;
			sourceTree = "<group>";
		};
		CD701EFB1E76273A0044B226 /* LaunchScreen.storyboard */ = {
			isa = PBXVariantGroup;
			children = (
				CD701EFC1E76273A0044B226 /* Base */,
			);
			name = LaunchScreen.storyboard;
			sourceTree = "<group>";
		};
/* End PBXVariantGroup section */

/* Begin XCBuildConfiguration section */
		CD701EFF1E76273A0044B226 /* Debug */ = {
			isa = XCBuildConfiguration;
			buildSettings = {
				ALWAYS_SEARCH_USER_PATHS = NO;
				CLANG_ANALYZER_NONNULL = YES;
				CLANG_CXX_LANGUAGE_STANDARD = "gnu++0x";
				CLANG_CXX_LIBRARY = "libc++";
				CLANG_ENABLE_MODULES = YES;
				CLANG_ENABLE_OBJC_ARC = YES;
				CLANG_WARN_BOOL_CONVERSION = YES;
				CLANG_WARN_CONSTANT_CONVERSION = YES;
				CLANG_WARN_DIRECT_OBJC_ISA_USAGE = YES_ERROR;
				CLANG_WARN_DOCUMENTATION_COMMENTS = YES;
				CLANG_WARN_EMPTY_BODY = YES;
				CLANG_WARN_ENUM_CONVERSION = YES;
				CLANG_WARN_INFINITE_RECURSION = YES;
				CLANG_WARN_INT_CONVERSION = YES;
				CLANG_WARN_OBJC_ROOT_CLASS = YES_ERROR;
				CLANG_WARN_SUSPICIOUS_MOVE = YES;
				CLANG_WARN_UNREACHABLE_CODE = YES;
				CLANG_WARN__DUPLICATE_METHOD_MATCH = YES;
				"CODE_SIGN_IDENTITY[sdk=iphoneos*]" = "iPhone Developer";
				COPY_PHASE_STRIP = NO;
				DEBUG_INFORMATION_FORMAT = dwarf;
				ENABLE_STRICT_OBJC_MSGSEND = YES;
				ENABLE_TESTABILITY = YES;
				GCC_C_LANGUAGE_STANDARD = gnu99;
				GCC_DYNAMIC_NO_PIC = NO;
				GCC_NO_COMMON_BLOCKS = YES;
				GCC_OPTIMIZATION_LEVEL = 0;
				GCC_PREPROCESSOR_DEFINITIONS = (
					"DEBUG=1",
					"$(inherited)",
				);
				GCC_WARN_64_TO_32_BIT_CONVERSION = YES;
				GCC_WARN_ABOUT_RETURN_TYPE = YES_ERROR;
				GCC_WARN_UNDECLARED_SELECTOR = YES;
				GCC_WARN_UNINITIALIZED_AUTOS = YES_AGGRESSIVE;
				GCC_WARN_UNUSED_FUNCTION = YES;
				GCC_WARN_UNUSED_VARIABLE = YES;
				IPHONEOS_DEPLOYMENT_TARGET = 10.2;
				MTL_ENABLE_DEBUG_INFO = YES;
				ONLY_ACTIVE_ARCH = YES;
				SDKROOT = iphoneos;
				SWIFT_ACTIVE_COMPILATION_CONDITIONS = DEBUG;
				SWIFT_OPTIMIZATION_LEVEL = "-Onone";
			};
			name = Debug;
		};
		CD701F001E76273A0044B226 /* Release */ = {
			isa = XCBuildConfiguration;
			buildSettings = {
				ALWAYS_SEARCH_USER_PATHS = NO;
				CLANG_ANALYZER_NONNULL = YES;
				CLANG_CXX_LANGUAGE_STANDARD = "gnu++0x";
				CLANG_CXX_LIBRARY = "libc++";
				CLANG_ENABLE_MODULES = YES;
				CLANG_ENABLE_OBJC_ARC = YES;
				CLANG_WARN_BOOL_CONVERSION = YES;
				CLANG_WARN_CONSTANT_CONVERSION = YES;
				CLANG_WARN_DIRECT_OBJC_ISA_USAGE = YES_ERROR;
				CLANG_WARN_DOCUMENTATION_COMMENTS = YES;
				CLANG_WARN_EMPTY_BODY = YES;
				CLANG_WARN_ENUM_CONVERSION = YES;
				CLANG_WARN_INFINITE_RECURSION = YES;
				CLANG_WARN_INT_CONVERSION = YES;
				CLANG_WARN_OBJC_ROOT_CLASS = YES_ERROR;
				CLANG_WARN_SUSPICIOUS_MOVE = YES;
				CLANG_WARN_UNREACHABLE_CODE = YES;
				CLANG_WARN__DUPLICATE_METHOD_MATCH = YES;
				"CODE_SIGN_IDENTITY[sdk=iphoneos*]" = "iPhone Developer";
				COPY_PHASE_STRIP = NO;
				DEBUG_INFORMATION_FORMAT = "dwarf-with-dsym";
				ENABLE_NS_ASSERTIONS = NO;
				ENABLE_STRICT_OBJC_MSGSEND = YES;
				GCC_C_LANGUAGE_STANDARD = gnu99;
				GCC_NO_COMMON_BLOCKS = YES;
				GCC_WARN_64_TO_32_BIT_CONVERSION = YES;
				GCC_WARN_ABOUT_RETURN_TYPE = YES_ERROR;
				GCC_WARN_UNDECLARED_SELECTOR = YES;
				GCC_WARN_UNINITIALIZED_AUTOS = YES_AGGRESSIVE;
				GCC_WARN_UNUSED_FUNCTION = YES;
				GCC_WARN_UNUSED_VARIABLE = YES;
				IPHONEOS_DEPLOYMENT_TARGET = 10.2;
				MTL_ENABLE_DEBUG_INFO = NO;
				SDKROOT = iphoneos;
				SWIFT_OPTIMIZATION_LEVEL = "-Owholemodule";
				VALIDATE_PRODUCT = YES;
			};
			name = Release;
		};
		CD701F021E76273A0044B226 /* Debug */ = {
			isa = XCBuildConfiguration;
			baseConfigurationReference = 2991D10E7C45403944A7D983 /* Pods-Remapper.debug.xcconfig */;
			buildSettings = {
				ASSETCATALOG_COMPILER_APPICON_NAME = AppIcon;
				DEVELOPMENT_TEAM = 2KJHM26Y46;
				INFOPLIST_FILE = Remapper/Info.plist;
				IPHONEOS_DEPLOYMENT_TARGET = 9.0;
				LD_RUNPATH_SEARCH_PATHS = "$(inherited) @executable_path/Frameworks";
				PRODUCT_BUNDLE_IDENTIFIER = com.raizlabs.Remapper;
				PRODUCT_NAME = "$(TARGET_NAME)";
				SWIFT_VERSION = 3.0;
			};
			name = Debug;
		};
		CD701F031E76273A0044B226 /* Release */ = {
			isa = XCBuildConfiguration;
			baseConfigurationReference = FEBA0C99E7AF50A4D6261281 /* Pods-Remapper.release.xcconfig */;
			buildSettings = {
				ASSETCATALOG_COMPILER_APPICON_NAME = AppIcon;
				DEVELOPMENT_TEAM = 2KJHM26Y46;
				INFOPLIST_FILE = Remapper/Info.plist;
				IPHONEOS_DEPLOYMENT_TARGET = 9.0;
				LD_RUNPATH_SEARCH_PATHS = "$(inherited) @executable_path/Frameworks";
				PRODUCT_BUNDLE_IDENTIFIER = com.raizlabs.Remapper;
				PRODUCT_NAME = "$(TARGET_NAME)";
				SWIFT_VERSION = 3.0;
			};
			name = Release;
		};
/* End XCBuildConfiguration section */

/* Begin XCConfigurationList section */
		CD701EEA1E7627390044B226 /* Build configuration list for PBXProject "Remapper" */ = {
			isa = XCConfigurationList;
			buildConfigurations = (
				CD701EFF1E76273A0044B226 /* Debug */,
				CD701F001E76273A0044B226 /* Release */,
			);
			defaultConfigurationIsVisible = 0;
			defaultConfigurationName = Release;
		};
		CD701F011E76273A0044B226 /* Build configuration list for PBXNativeTarget "Remapper" */ = {
			isa = XCConfigurationList;
			buildConfigurations = (
				CD701F021E76273A0044B226 /* Debug */,
				CD701F031E76273A0044B226 /* Release */,
			);
			defaultConfigurationIsVisible = 0;
			defaultConfigurationName = Release;
		};
/* End XCConfigurationList section */
	};
	rootObject = CD701EE71E7627390044B226 /* Project object */;
}
